
Microsoft Visual Studio Solution File, Format Version 12.00
# Visual Studio Version 17
VisualStudioVersion = 17.4.33213.308
MinimumVisualStudioVersion = 10.0.40219.1
Project("{9A19103F-16F7-4668-BE54-9A1E7A4F7556}") = "FormulaEvaluator", "FormulaEvaluator\FormulaEvaluator.csproj", "{51ACC9D1-CA2A-44CA-9C35-0ED9DAFB462E}"
EndProject
Project("{9A19103F-16F7-4668-BE54-9A1E7A4F7556}") = "FormulaEvaluatorTester", "FormulaEvaluatorTester\FormulaEvaluatorTester.csproj", "{2698E294-A847-4567-BD6D-A933F72BB98B}"
EndProject
Project("{2150E333-8FDC-42A3-9474-1A3956D46DE8}") = "Solution Items", "Solution Items", "{F4715E25-DD30-4470-8942-34081C80AC6B}"
	ProjectSection(SolutionItems) = preProject
		Whiteboard\architecture.jpg = Whiteboard\architecture.jpg
		Whiteboard\dependency_graph_whiteboard.jpg = Whiteboard\dependency_graph_whiteboard.jpg
		Whiteboard\formula_whiteboard.jpg = Whiteboard\formula_whiteboard.jpg
		README.md = README.md
		Whiteboard\spreadsheet_whiteboard.jpg = Whiteboard\spreadsheet_whiteboard.jpg
	EndProjectSection
EndProject
Project("{9A19103F-16F7-4668-BE54-9A1E7A4F7556}") = "DependencyGraph", "DependencyGraph\DependencyGraph.csproj", "{E9A007BA-1A82-445F-9615-0B6C7C9773E5}"
EndProject
Project("{9A19103F-16F7-4668-BE54-9A1E7A4F7556}") = "DependencyGraphTests", "DependencyGraphTests\DependencyGraphTests.csproj", "{8E61E550-9CA5-4818-8352-0C2502038F45}"
EndProject
Project("{9A19103F-16F7-4668-BE54-9A1E7A4F7556}") = "GradingTests", "GradingTests\GradingTests.csproj", "{E5180484-675C-441E-B620-AC1B87B718EE}"
EndProject
Project("{9A19103F-16F7-4668-BE54-9A1E7A4F7556}") = "Formula", "Formula\Formula.csproj", "{6B4B65E0-4EB5-424E-90BB-18E8ACB702A6}"
EndProject
Project("{9A19103F-16F7-4668-BE54-9A1E7A4F7556}") = "FormulaTests", "FormulaTests\FormulaTests.csproj", "{52B059FA-FFE3-4B39-B30B-8B950238D01A}"
EndProject
Project("{9A19103F-16F7-4668-BE54-9A1E7A4F7556}") = "Spreadsheet", "Spreadsheet\Spreadsheet.csproj", "{05520AE3-DE38-4C85-B665-DF0E99125E36}"
EndProject
Project("{9A19103F-16F7-4668-BE54-9A1E7A4F7556}") = "SpreadsheetTests", "SpreadsheetTests\SpreadsheetTests.csproj", "{FA178413-08C5-48C8-AEA7-E3A1414383E8}"
EndProject
Project("{FAE04EC0-301F-11D3-BF4B-00C04F79EFBC}") = "GUI", "GUI\GUI.csproj", "{2A524C80-7891-48E3-8BDD-307A705D6AF1}"
EndProject
Global
	GlobalSection(SolutionConfigurationPlatforms) = preSolution
		Debug|Any CPU = Debug|Any CPU
		Release|Any CPU = Release|Any CPU
	EndGlobalSection
	GlobalSection(ProjectConfigurationPlatforms) = postSolution
		{51ACC9D1-CA2A-44CA-9C35-0ED9DAFB462E}.Debug|Any CPU.ActiveCfg = Debug|Any CPU
		{51ACC9D1-CA2A-44CA-9C35-0ED9DAFB462E}.Debug|Any CPU.Build.0 = Debug|Any CPU
		{51ACC9D1-CA2A-44CA-9C35-0ED9DAFB462E}.Release|Any CPU.ActiveCfg = Release|Any CPU
		{51ACC9D1-CA2A-44CA-9C35-0ED9DAFB462E}.Release|Any CPU.Build.0 = Release|Any CPU
		{2698E294-A847-4567-BD6D-A933F72BB98B}.Debug|Any CPU.ActiveCfg = Debug|Any CPU
		{2698E294-A847-4567-BD6D-A933F72BB98B}.Debug|Any CPU.Build.0 = Debug|Any CPU
		{2698E294-A847-4567-BD6D-A933F72BB98B}.Release|Any CPU.ActiveCfg = Release|Any CPU
		{2698E294-A847-4567-BD6D-A933F72BB98B}.Release|Any CPU.Build.0 = Release|Any CPU
		{E9A007BA-1A82-445F-9615-0B6C7C9773E5}.Debug|Any CPU.ActiveCfg = Debug|Any CPU
		{E9A007BA-1A82-445F-9615-0B6C7C9773E5}.Debug|Any CPU.Build.0 = Debug|Any CPU
		{E9A007BA-1A82-445F-9615-0B6C7C9773E5}.Release|Any CPU.ActiveCfg = Release|Any CPU
		{E9A007BA-1A82-445F-9615-0B6C7C9773E5}.Release|Any CPU.Build.0 = Release|Any CPU
		{8E61E550-9CA5-4818-8352-0C2502038F45}.Debug|Any CPU.ActiveCfg = Debug|Any CPU
		{8E61E550-9CA5-4818-8352-0C2502038F45}.Debug|Any CPU.Build.0 = Debug|Any CPU
		{8E61E550-9CA5-4818-8352-0C2502038F45}.Release|Any CPU.ActiveCfg = Release|Any CPU
		{8E61E550-9CA5-4818-8352-0C2502038F45}.Release|Any CPU.Build.0 = Release|Any CPU
		{E5180484-675C-441E-B620-AC1B87B718EE}.Debug|Any CPU.ActiveCfg = Debug|Any CPU
		{E5180484-675C-441E-B620-AC1B87B718EE}.Debug|Any CPU.Build.0 = Debug|Any CPU
		{E5180484-675C-441E-B620-AC1B87B718EE}.Release|Any CPU.ActiveCfg = Release|Any CPU
		{E5180484-675C-441E-B620-AC1B87B718EE}.Release|Any CPU.Build.0 = Release|Any CPU
		{6B4B65E0-4EB5-424E-90BB-18E8ACB702A6}.Debug|Any CPU.ActiveCfg = Debug|Any CPU
		{6B4B65E0-4EB5-424E-90BB-18E8ACB702A6}.Debug|Any CPU.Build.0 = Debug|Any CPU
		{6B4B65E0-4EB5-424E-90BB-18E8ACB702A6}.Release|Any CPU.ActiveCfg = Release|Any CPU
		{6B4B65E0-4EB5-424E-90BB-18E8ACB702A6}.Release|Any CPU.Build.0 = Release|Any CPU
		{52B059FA-FFE3-4B39-B30B-8B950238D01A}.Debug|Any CPU.ActiveCfg = Debug|Any CPU
		{52B059FA-FFE3-4B39-B30B-8B950238D01A}.Debug|Any CPU.Build.0 = Debug|Any CPU
		{52B059FA-FFE3-4B39-B30B-8B950238D01A}.Release|Any CPU.ActiveCfg = Release|Any CPU
		{52B059FA-FFE3-4B39-B30B-8B950238D01A}.Release|Any CPU.Build.0 = Release|Any CPU
		{05520AE3-DE38-4C85-B665-DF0E99125E36}.Debug|Any CPU.ActiveCfg = Debug|Any CPU
		{05520AE3-DE38-4C85-B665-DF0E99125E36}.Debug|Any CPU.Build.0 = Debug|Any CPU
		{05520AE3-DE38-4C85-B665-DF0E99125E36}.Release|Any CPU.ActiveCfg = Release|Any CPU
		{05520AE3-DE38-4C85-B665-DF0E99125E36}.Release|Any CPU.Build.0 = Release|Any CPU
		{FA178413-08C5-48C8-AEA7-E3A1414383E8}.Debug|Any CPU.ActiveCfg = Debug|Any CPU
		{FA178413-08C5-48C8-AEA7-E3A1414383E8}.Debug|Any CPU.Build.0 = Debug|Any CPU
		{FA178413-08C5-48C8-AEA7-E3A1414383E8}.Release|Any CPU.ActiveCfg = Release|Any CPU
		{FA178413-08C5-48C8-AEA7-E3A1414383E8}.Release|Any CPU.Build.0 = Release|Any CPU
		{2A524C80-7891-48E3-8BDD-307A705D6AF1}.Debug|Any CPU.ActiveCfg = Debug|Any CPU
		{2A524C80-7891-48E3-8BDD-307A705D6AF1}.Debug|Any CPU.Build.0 = Debug|Any CPU
		{2A524C80-7891-48E3-8BDD-307A705D6AF1}.Debug|Any CPU.Deploy.0 = Debug|Any CPU
		{2A524C80-7891-48E3-8BDD-307A705D6AF1}.Release|Any CPU.ActiveCfg = Release|Any CPU
		{2A524C80-7891-48E3-8BDD-307A705D6AF1}.Release|Any CPU.Build.0 = Release|Any CPU
		{2A524C80-7891-48E3-8BDD-307A705D6AF1}.Release|Any CPU.Deploy.0 = Release|Any CPU
	EndGlobalSection
	GlobalSection(SolutionProperties) = preSolution
		HideSolutionNode = FALSE
	EndGlobalSection
	GlobalSection(ExtensibilityGlobals) = postSolution
		SolutionGuid = {C73A1496-9BC6-48B1-9D0D-384D12220B5B}
	EndGlobalSection
EndGlobal
